
Microsoft Visual Studio Solution File, Format Version 11.00
# Visual Studio 2010
Project("{FAE04EC0-301F-11D3-BF4B-00C04F79EFBC}") = "NVGJ_PAINTBALL", "Assembly-CSharp.csproj", "{1DB63468-D78A-3603-6164-E80FE9BAB5EA}"
EndProject
Project("{FAE04EC0-301F-11D3-BF4B-00C04F79EFBC}") = "NVGJ_PAINTBALL", "Assembly-CSharp-firstpass.csproj", "{1EC5C634-B12D-9AEB-7BD1-DDDED4F17357}"
EndProject
Project("{FAE04EC0-301F-11D3-BF4B-00C04F79EFBC}") = "NVGJ_PAINTBALL", "Assembly-CSharp-Editor-firstpass.csproj", "{C2EFD1B7-0EA8-3695-FE42-07713D048626}"
EndProject
Global
	GlobalSection(SolutionConfigurationPlatforms) = preSolution
		Debug|Any CPU = Debug|Any CPU
		Release|Any CPU = Release|Any CPU
	EndGlobalSection
	GlobalSection(ProjectConfigurationPlatforms) = postSolution
		{1DB63468-D78A-3603-6164-E80FE9BAB5EA}.Debug|Any CPU.ActiveCfg = Debug|Any CPU
		{1DB63468-D78A-3603-6164-E80FE9BAB5EA}.Debug|Any CPU.Build.0 = Debug|Any CPU
		{1DB63468-D78A-3603-6164-E80FE9BAB5EA}.Release|Any CPU.ActiveCfg = Release|Any CPU
		{1DB63468-D78A-3603-6164-E80FE9BAB5EA}.Release|Any CPU.Build.0 = Release|Any CPU
		{1EC5C634-B12D-9AEB-7BD1-DDDED4F17357}.Debug|Any CPU.ActiveCfg = Debug|Any CPU
		{1EC5C634-B12D-9AEB-7BD1-DDDED4F17357}.Debug|Any CPU.Build.0 = Debug|Any CPU
		{1EC5C634-B12D-9AEB-7BD1-DDDED4F17357}.Release|Any CPU.ActiveCfg = Release|Any CPU
		{1EC5C634-B12D-9AEB-7BD1-DDDED4F17357}.Release|Any CPU.Build.0 = Release|Any CPU
		{C2EFD1B7-0EA8-3695-FE42-07713D048626}.Debug|Any CPU.ActiveCfg = Debug|Any CPU
		{C2EFD1B7-0EA8-3695-FE42-07713D048626}.Debug|Any CPU.Build.0 = Debug|Any CPU
		{C2EFD1B7-0EA8-3695-FE42-07713D048626}.Release|Any CPU.ActiveCfg = Release|Any CPU
		{C2EFD1B7-0EA8-3695-FE42-07713D048626}.Release|Any CPU.Build.0 = Release|Any CPU
	EndGlobalSection
	GlobalSection(SolutionProperties) = preSolution
		HideSolutionNode = FALSE
	EndGlobalSection
	GlobalSection(MonoDevelopProperties) = preSolution
		StartupItem = Assembly-CSharp.csproj
	EndGlobalSection
EndGlobal
